
Microsoft Visual Studio Solution File, Format Version 12.00
# Visual Studio Version 17
VisualStudioVersion = 17.14.36811.4 d17.14
MinimumVisualStudioVersion = 10.0.40219.1
Project("{FAE04EC0-301F-11D3-BF4B-00C04F79EFBC}") = "Lab03Variant17", "ClassLibrary1\Lab03Variant17.csproj", "{1DAED8CE-C716-0ABD-94BD-7F3E3B93DBDA}"
EndProject
Project("{FAE04EC0-301F-11D3-BF4B-00C04F79EFBC}") = "TestProject1", "TestProject1\TestProject1.csproj", "{A4B1E576-963D-55FD-19C6-280159383C34}"
EndProject
Project("{FAE04EC0-301F-11D3-BF4B-00C04F79EFBC}") = "WinFormsApp3", "WinFormsApp3\WinFormsApp3.csproj", "{A1A1E08D-E7FB-74A8-2C0F-39B229A019A5}"
EndProject
Global
	GlobalSection(SolutionConfigurationPlatforms) = preSolution
		Debug|Any CPU = Debug|Any CPU
		Release|Any CPU = Release|Any CPU
	EndGlobalSection
	GlobalSection(ProjectConfigurationPlatforms) = postSolution
		{1DAED8CE-C716-0ABD-94BD-7F3E3B93DBDA}.Debug|Any CPU.ActiveCfg = Debug|Any CPU
		{1DAED8CE-C716-0ABD-94BD-7F3E3B93DBDA}.Debug|Any CPU.Build.0 = Debug|Any CPU
		{1DAED8CE-C716-0ABD-94BD-7F3E3B93DBDA}.Release|Any CPU.ActiveCfg = Release|Any CPU
		{1DAED8CE-C716-0ABD-94BD-7F3E3B93DBDA}.Release|Any CPU.Build.0 = Release|Any CPU
		{A4B1E576-963D-55FD-19C6-280159383C34}.Debug|Any CPU.ActiveCfg = Debug|Any CPU
		{A4B1E576-963D-55FD-19C6-280159383C34}.Debug|Any CPU.Build.0 = Debug|Any CPU
		{A4B1E576-963D-55FD-19C6-280159383C34}.Release|Any CPU.ActiveCfg = Release|Any CPU
		{A4B1E576-963D-55FD-19C6-280159383C34}.Release|Any CPU.Build.0 = Release|Any CPU
		{A1A1E08D-E7FB-74A8-2C0F-39B229A019A5}.Debug|Any CPU.ActiveCfg = Debug|Any CPU
		{A1A1E08D-E7FB-74A8-2C0F-39B229A019A5}.Debug|Any CPU.Build.0 = Debug|Any CPU
		{A1A1E08D-E7FB-74A8-2C0F-39B229A019A5}.Release|Any CPU.ActiveCfg = Release|Any CPU
		{A1A1E08D-E7FB-74A8-2C0F-39B229A019A5}.Release|Any CPU.Build.0 = Release|Any CPU
	EndGlobalSection
	GlobalSection(SolutionProperties) = preSolution
		HideSolutionNode = FALSE
	EndGlobalSection
	GlobalSection(ExtensibilityGlobals) = postSolution
		SolutionGuid = {901235F1-B08D-44A6-AB30-3EA37B1F1E9A}
	EndGlobalSection
EndGlobal
